%{
  "circuits_gpio": {:hex, :circuits_gpio, "0.4.6", "e4c37e49f5f76d662db90f9c4bcf51d6537681bb0dd2a00238598eb35b15e084", [:make, :mix], [{:elixir_make, "~> 0.6", [hex: :elixir_make, repo: "hexpm", optional: false]}], "hexpm", "cd2c9d7f16530d40218ccc2d2f727079439adf5df7bacc90c5a6197b40b06e9b"},
  "circuits_spi": {:hex, :circuits_spi, "0.1.5", "5f1901c77fb982217a956498ba0d9d0d47cc58ec47731020621b5c95eee296c0", [:make, :mix], [{:elixir_make, "~> 0.6", [hex: :elixir_make, repo: "hexpm", optional: false]}], "hexpm", "134e1ded8e0379e3314a507e80a304cf5ba54edf294e157b7e7ecedcdca30dfd"},
  "elixir_make": {:hex, :elixir_make, "0.6.1", "8faa29a5597faba999aeeb72bbb9c91694ef8068f0131192fb199f98d32994ef", [:mix], [], "hexpm", "35d33270680f8d839a4003c3e9f43afb595310a592405a00afc12de4c7f55a18"},
}
